// !$*UTF8*$!
{
	archiveVersion = 1;
	classes = {
	};
	objectVersion = 46;
	objects = {

/* Begin PBXBuildFile section */
		47F873631E930B4200B61F63 /* AppDelegate.swift in Sources */ = {isa = PBXBuildFile; fileRef = 47F873621E930B4200B61F63 /* AppDelegate.swift */; };
		47F873651E930B4200B61F63 /* ViewController.swift in Sources */ = {isa = PBXBuildFile; fileRef = 47F873641E930B4200B61F63 /* ViewController.swift */; };
		47F873681E930B4200B61F63 /* Main.storyboard in Resources */ = {isa = PBXBuildFile; fileRef = 47F873661E930B4200B61F63 /* Main.storyboard */; };
		47F8736B1E930B4200B61F63 /* MyContacts.xcdatamodeld in Sources */ = {isa = PBXBuildFile; fileRef = 47F873691E930B4200B61F63 /* MyContacts.xcdatamodeld */; };
		47F8736D1E930B4200B61F63 /* Assets.xcassets in Resources */ = {isa = PBXBuildFile; fileRef = 47F8736C1E930B4200B61F63 /* Assets.xcassets */; };
		47F873701E930B4200B61F63 /* LaunchScreen.storyboard in Resources */ = {isa = PBXBuildFile; fileRef = 47F8736E1E930B4200B61F63 /* LaunchScreen.storyboard */; };
		47F8737B1E930F9400B61F63 /* Contact+CoreDataClass.swift in Sources */ = {isa = PBXBuildFile; fileRef = 47F873771E930F9400B61F63 /* Contact+CoreDataClass.swift */; };
		47F8737C1E930F9400B61F63 /* Contact+CoreDataProperties.swift in Sources */ = {isa = PBXBuildFile; fileRef = 47F873781E930F9400B61F63 /* Contact+CoreDataProperties.swift */; };
		47F8737D1E930F9400B61F63 /* ContactType+CoreDataClass.swift in Sources */ = {isa = PBXBuildFile; fileRef = 47F873791E930F9400B61F63 /* ContactType+CoreDataClass.swift */; };
		47F8737E1E930F9400B61F63 /* ContactType+CoreDataProperties.swift in Sources */ = {isa = PBXBuildFile; fileRef = 47F8737A1E930F9400B61F63 /* ContactType+CoreDataProperties.swift */; };
		47F873831E93123600B61F63 /* ContactCellTableViewCell.swift in Sources */ = {isa = PBXBuildFile; fileRef = 47F873821E93123600B61F63 /* ContactCellTableViewCell.swift */; };
		47F873A31E957C2D00B61F63 /* ContactDetailsViewController.swift in Sources */ = {isa = PBXBuildFile; fileRef = 47F873A21E957C2D00B61F63 /* ContactDetailsViewController.swift */; };
/* End PBXBuildFile section */

/* Begin PBXFileReference section */
		47F8735F1E930B4200B61F63 /* MyContacts.app */ = {isa = PBXFileReference; explicitFileType = wrapper.application; includeInIndex = 0; path = MyContacts.app; sourceTree = BUILT_PRODUCTS_DIR; };
		47F873621E930B4200B61F63 /* AppDelegate.swift */ = {isa = PBXFileReference; lastKnownFileType = sourcecode.swift; path = AppDelegate.swift; sourceTree = "<group>"; };
		47F873641E930B4200B61F63 /* ViewController.swift */ = {isa = PBXFileReference; lastKnownFileType = sourcecode.swift; path = ViewController.swift; sourceTree = "<group>"; };
		47F873671E930B4200B61F63 /* Base */ = {isa = PBXFileReference; lastKnownFileType = file.storyboard; name = Base; path = Base.lproj/Main.storyboard; sourceTree = "<group>"; };
		47F8736A1E930B4200B61F63 /* MyContacts.xcdatamodel */ = {isa = PBXFileReference; lastKnownFileType = wrapper.xcdatamodel; path = MyContacts.xcdatamodel; sourceTree = "<group>"; };
		47F8736C1E930B4200B61F63 /* Assets.xcassets */ = {isa = PBXFileReference; lastKnownFileType = folder.assetcatalog; path = Assets.xcassets; sourceTree = "<group>"; };
		47F8736F1E930B4200B61F63 /* Base */ = {isa = PBXFileReference; lastKnownFileType = file.storyboard; name = Base; path = Base.lproj/LaunchScreen.storyboard; sourceTree = "<group>"; };
		47F873711E930B4200B61F63 /* Info.plist */ = {isa = PBXFileReference; lastKnownFileType = text.plist.xml; path = Info.plist; sourceTree = "<group>"; };
		47F873771E930F9400B61F63 /* Contact+CoreDataClass.swift */ = {isa = PBXFileReference; fileEncoding = 4; lastKnownFileType = sourcecode.swift; path = "Contact+CoreDataClass.swift"; sourceTree = "<group>"; };
		47F873781E930F9400B61F63 /* Contact+CoreDataProperties.swift */ = {isa = PBXFileReference; fileEncoding = 4; lastKnownFileType = sourcecode.swift; path = "Contact+CoreDataProperties.swift"; sourceTree = "<group>"; };
		47F873791E930F9400B61F63 /* ContactType+CoreDataClass.swift */ = {isa = PBXFileReference; fileEncoding = 4; lastKnownFileType = sourcecode.swift; path = "ContactType+CoreDataClass.swift"; sourceTree = "<group>"; };
		47F8737A1E930F9400B61F63 /* ContactType+CoreDataProperties.swift */ = {isa = PBXFileReference; fileEncoding = 4; lastKnownFileType = sourcecode.swift; path = "ContactType+CoreDataProperties.swift"; sourceTree = "<group>"; };
		47F873821E93123600B61F63 /* ContactCellTableViewCell.swift */ = {isa = PBXFileReference; fileEncoding = 4; lastKnownFileType = sourcecode.swift; path = ContactCellTableViewCell.swift; sourceTree = "<group>"; };
		47F873A21E957C2D00B61F63 /* ContactDetailsViewController.swift */ = {isa = PBXFileReference; fileEncoding = 4; lastKnownFileType = sourcecode.swift; path = ContactDetailsViewController.swift; sourceTree = "<group>"; };
/* End PBXFileReference section */

/* Begin PBXFrameworksBuildPhase section */
		47F8735C1E930B4200B61F63 /* Frameworks */ = {
			isa = PBXFrameworksBuildPhase;
			buildActionMask = 2147483647;
			files = (
			);
			runOnlyForDeploymentPostprocessing = 0;
		};
/* End PBXFrameworksBuildPhase section */

/* Begin PBXGroup section */
		47F873561E930B4200B61F63 = {
			isa = PBXGroup;
			children = (
				47F873611E930B4200B61F63 /* MyContacts */,
				47F873601E930B4200B61F63 /* Products */,
			);
			sourceTree = "<group>";
		};
		47F873601E930B4200B61F63 /* Products */ = {
			isa = PBXGroup;
			children = (
				47F8735F1E930B4200B61F63 /* MyContacts.app */,
			);
			name = Products;
			sourceTree = "<group>";
		};
		47F873611E930B4200B61F63 /* MyContacts */ = {
			isa = PBXGroup;
			children = (
				47F873811E93121A00B61F63 /* view */,
				47F8737F1E930F9A00B61F63 /* model */,
				47F873621E930B4200B61F63 /* AppDelegate.swift */,
				47F873641E930B4200B61F63 /* ViewController.swift */,
				47F873661E930B4200B61F63 /* Main.storyboard */,
				47F8736C1E930B4200B61F63 /* Assets.xcassets */,
				47F8736E1E930B4200B61F63 /* LaunchScreen.storyboard */,
				47F873711E930B4200B61F63 /* Info.plist */,
				47F873691E930B4200B61F63 /* MyContacts.xcdatamodeld */,
				47F873A21E957C2D00B61F63 /* ContactDetailsViewController.swift */,
			);
			path = MyContacts;
			sourceTree = "<group>";
		};
		47F8737F1E930F9A00B61F63 /* model */ = {
			isa = PBXGroup;
			children = (
				47F873801E930FA100B61F63 /* generated */,
			);
			name = model;
			sourceTree = "<group>";
		};
		47F873801E930FA100B61F63 /* generated */ = {
			isa = PBXGroup;
			children = (
				47F873771E930F9400B61F63 /* Contact+CoreDataClass.swift */,
				47F873781E930F9400B61F63 /* Contact+CoreDataProperties.swift */,
				47F873791E930F9400B61F63 /* ContactType+CoreDataClass.swift */,
				47F8737A1E930F9400B61F63 /* ContactType+CoreDataProperties.swift */,
			);
			name = generated;
			sourceTree = "<group>";
		};
		47F873811E93121A00B61F63 /* view */ = {
			isa = PBXGroup;
			children = (
				47F873821E93123600B61F63 /* ContactCellTableViewCell.swift */,
			);
			name = view;
			sourceTree = "<group>";
		};
/* End PBXGroup section */

/* Begin PBXNativeTarget section */
		47F8735E1E930B4200B61F63 /* MyContacts */ = {
			isa = PBXNativeTarget;
			buildConfigurationList = 47F873741E930B4200B61F63 /* Build configuration list for PBXNativeTarget "MyContacts" */;
			buildPhases = (
				47F8735B1E930B4200B61F63 /* Sources */,
				47F8735C1E930B4200B61F63 /* Frameworks */,
				47F8735D1E930B4200B61F63 /* Resources */,
			);
			buildRules = (
			);
			dependencies = (
			);
			name = MyContacts;
			productName = MyContacts;
			productReference = 47F8735F1E930B4200B61F63 /* MyContacts.app */;
			productType = "com.apple.product-type.application";
		};
/* End PBXNativeTarget section */

/* Begin PBXProject section */
		47F873571E930B4200B61F63 /* Project object */ = {
			isa = PBXProject;
			attributes = {
				LastSwiftUpdateCheck = 0820;
				LastUpgradeCheck = 0820;
				ORGANIZATIONNAME = Echitey;
				TargetAttributes = {
					47F8735E1E930B4200B61F63 = {
						CreatedOnToolsVersion = 8.2.1;
						ProvisioningStyle = Automatic;
					};
				};
			};
			buildConfigurationList = 47F8735A1E930B4200B61F63 /* Build configuration list for PBXProject "MyContacts" */;
			compatibilityVersion = "Xcode 3.2";
			developmentRegion = English;
			hasScannedForEncodings = 0;
			knownRegions = (
				en,
				Base,
			);
			mainGroup = 47F873561E930B4200B61F63;
			productRefGroup = 47F873601E930B4200B61F63 /* Products */;
			projectDirPath = "";
			projectRoot = "";
			targets = (
				47F8735E1E930B4200B61F63 /* MyContacts */,
			);
		};
/* End PBXProject section */

/* Begin PBXResourcesBuildPhase section */
		47F8735D1E930B4200B61F63 /* Resources */ = {
			isa = PBXResourcesBuildPhase;
			buildActionMask = 2147483647;
			files = (
				47F873701E930B4200B61F63 /* LaunchScreen.storyboard in Resources */,
				47F8736D1E930B4200B61F63 /* Assets.xcassets in Resources */,
				47F873681E930B4200B61F63 /* Main.storyboard in Resources */,
			);
			runOnlyForDeploymentPostprocessing = 0;
		};
/* End PBXResourcesBuildPhase section */

/* Begin PBXSourcesBuildPhase section */
		47F8735B1E930B4200B61F63 /* Sources */ = {
			isa = PBXSourcesBuildPhase;
			buildActionMask = 2147483647;
			files = (
				47F873831E93123600B61F63 /* ContactCellTableViewCell.swift in Sources */,
				47F873651E930B4200B61F63 /* ViewController.swift in Sources */,
				47F873A31E957C2D00B61F63 /* ContactDetailsViewController.swift in Sources */,
				47F873631E930B4200B61F63 /* AppDelegate.swift in Sources */,
				47F8737D1E930F9400B61F63 /* ContactType+CoreDataClass.swift in Sources */,
				47F8737B1E930F9400B61F63 /* Contact+CoreDataClass.swift in Sources */,
				47F8737C1E930F9400B61F63 /* Contact+CoreDataProperties.swift in Sources */,
				47F8737E1E930F9400B61F63 /* ContactType+CoreDataProperties.swift in Sources */,
				47F8736B1E930B4200B61F63 /* MyContacts.xcdatamodeld in Sources */,
			);
			runOnlyForDeploymentPostprocessing = 0;
		};
/* End PBXSourcesBuildPhase section */

/* Begin PBXVariantGroup section */
		47F873661E930B4200B61F63 /* Main.storyboard */ = {
			isa = PBXVariantGroup;
			children = (
				47F873671E930B4200B61F63 /* Base */,
			);
			name = Main.storyboard;
			sourceTree = "<group>";
		};
		47F8736E1E930B4200B61F63 /* LaunchScreen.storyboard */ = {
			isa = PBXVariantGroup;
			children = (
				47F8736F1E930B4200B61F63 /* Base */,
			);
			name = LaunchScreen.storyboard;
			sourceTree = "<group>";
		};
/* End PBXVariantGroup section */

/* Begin XCBuildConfiguration section */
		47F873721E930B4200B61F63 /* Debug */ = {
			isa = XCBuildConfiguration;
			buildSettings = {
				ALWAYS_SEARCH_USER_PATHS = NO;
				CLANG_ANALYZER_NONNULL = YES;
				CLANG_CXX_LANGUAGE_STANDARD = "gnu++0x";
				CLANG_CXX_LIBRARY = "libc++";
				CLANG_ENABLE_MODULES = YES;
				CLANG_ENABLE_OBJC_ARC = YES;
				CLANG_WARN_BOOL_CONVERSION = YES;
				CLANG_WARN_CONSTANT_CONVERSION = YES;
				CLANG_WARN_DIRECT_OBJC_ISA_USAGE = YES_ERROR;
				CLANG_WARN_DOCUMENTATION_COMMENTS = YES;
				CLANG_WARN_EMPTY_BODY = YES;
				CLANG_WARN_ENUM_CONVERSION = YES;
				CLANG_WARN_INFINITE_RECURSION = YES;
				CLANG_WARN_INT_CONVERSION = YES;
				CLANG_WARN_OBJC_ROOT_CLASS = YES_ERROR;
				CLANG_WARN_SUSPICIOUS_MOVE = YES;
				CLANG_WARN_UNREACHABLE_CODE = YES;
				CLANG_WARN__DUPLICATE_METHOD_MATCH = YES;
				"CODE_SIGN_IDENTITY[sdk=iphoneos*]" = "iPhone Developer";
				COPY_PHASE_STRIP = NO;
				DEBUG_INFORMATION_FORMAT = dwarf;
				ENABLE_STRICT_OBJC_MSGSEND = YES;
				ENABLE_TESTABILITY = YES;
				GCC_C_LANGUAGE_STANDARD = gnu99;
				GCC_DYNAMIC_NO_PIC = NO;
				GCC_NO_COMMON_BLOCKS = YES;
				GCC_OPTIMIZATION_LEVEL = 0;
				GCC_PREPROCESSOR_DEFINITIONS = (
					"DEBUG=1",
					"$(inherited)",
				);
				GCC_WARN_64_TO_32_BIT_CONVERSION = YES;
				GCC_WARN_ABOUT_RETURN_TYPE = YES_ERROR;
				GCC_WARN_UNDECLARED_SELECTOR = YES;
				GCC_WARN_UNINITIALIZED_AUTOS = YES_AGGRESSIVE;
				GCC_WARN_UNUSED_FUNCTION = YES;
				GCC_WARN_UNUSED_VARIABLE = YES;
				IPHONEOS_DEPLOYMENT_TARGET = 10.2;
				MTL_ENABLE_DEBUG_INFO = YES;
				ONLY_ACTIVE_ARCH = YES;
				SDKROOT = iphoneos;
				SWIFT_ACTIVE_COMPILATION_CONDITIONS = DEBUG;
				SWIFT_OPTIMIZATION_LEVEL = "-Onone";
				TARGETED_DEVICE_FAMILY = "1,2";
			};
			name = Debug;
		};
		47F873731E930B4200B61F63 /* Release */ = {
			isa = XCBuildConfiguration;
			buildSettings = {
				ALWAYS_SEARCH_USER_PATHS = NO;
				CLANG_ANALYZER_NONNULL = YES;
				CLANG_CXX_LANGUAGE_STANDARD = "gnu++0x";
				CLANG_CXX_LIBRARY = "libc++";
				CLANG_ENABLE_MODULES = YES;
				CLANG_ENABLE_OBJC_ARC = YES;
				CLANG_WARN_BOOL_CONVERSION = YES;
				CLANG_WARN_CONSTANT_CONVERSION = YES;
				CLANG_WARN_DIRECT_OBJC_ISA_USAGE = YES_ERROR;
				CLANG_WARN_DOCUMENTATION_COMMENTS = YES;
				CLANG_WARN_EMPTY_BODY = YES;
				CLANG_WARN_ENUM_CONVERSION = YES;
				CLANG_WARN_INFINITE_RECURSION = YES;
				CLANG_WARN_INT_CONVERSION = YES;
				CLANG_WARN_OBJC_ROOT_CLASS = YES_ERROR;
				CLANG_WARN_SUSPICIOUS_MOVE = YES;
				CLANG_WARN_UNREACHABLE_CODE = YES;
				CLANG_WARN__DUPLICATE_METHOD_MATCH = YES;
				"CODE_SIGN_IDENTITY[sdk=iphoneos*]" = "iPhone Developer";
				COPY_PHASE_STRIP = NO;
				DEBUG_INFORMATION_FORMAT = "dwarf-with-dsym";
				ENABLE_NS_ASSERTIONS = NO;
				ENABLE_STRICT_OBJC_MSGSEND = YES;
				GCC_C_LANGUAGE_STANDARD = gnu99;
				GCC_NO_COMMON_BLOCKS = YES;
				GCC_WARN_64_TO_32_BIT_CONVERSION = YES;
				GCC_WARN_ABOUT_RETURN_TYPE = YES_ERROR;
				GCC_WARN_UNDECLARED_SELECTOR = YES;
				GCC_WARN_UNINITIALIZED_AUTOS = YES_AGGRESSIVE;
				GCC_WARN_UNUSED_FUNCTION = YES;
				GCC_WARN_UNUSED_VARIABLE = YES;
				IPHONEOS_DEPLOYMENT_TARGET = 10.2;
				MTL_ENABLE_DEBUG_INFO = NO;
				SDKROOT = iphoneos;
				SWIFT_OPTIMIZATION_LEVEL = "-Owholemodule";
				TARGETED_DEVICE_FAMILY = "1,2";
				VALIDATE_PRODUCT = YES;
			};
			name = Release;
		};
		47F873751E930B4200B61F63 /* Debug */ = {
			isa = XCBuildConfiguration;
			buildSettings = {
				ASSETCATALOG_COMPILER_APPICON_NAME = AppIcon;
				INFOPLIST_FILE = MyContacts/Info.plist;
				LD_RUNPATH_SEARCH_PATHS = "$(inherited) @executable_path/Frameworks";
				PRODUCT_BUNDLE_IDENTIFIER = echitey.com.MyContacts;
				PRODUCT_NAME = "$(TARGET_NAME)";
				SWIFT_VERSION = 3.0;
			};
			name = Debug;
		};
		47F873761E930B4200B61F63 /* Release */ = {
			isa = XCBuildConfiguration;
			buildSettings = {
				ASSETCATALOG_COMPILER_APPICON_NAME = AppIcon;
				INFOPLIST_FILE = MyContacts/Info.plist;
				LD_RUNPATH_SEARCH_PATHS = "$(inherited) @executable_path/Frameworks";
				PRODUCT_BUNDLE_IDENTIFIER = echitey.com.MyContacts;
				PRODUCT_NAME = "$(TARGET_NAME)";
				SWIFT_VERSION = 3.0;
			};
			name = Release;
		};
/* End XCBuildConfiguration section */

/* Begin XCConfigurationList section */
		47F8735A1E930B4200B61F63 /* Build configuration list for PBXProject "MyContacts" */ = {
			isa = XCConfigurationList;
			buildConfigurations = (
				47F873721E930B4200B61F63 /* Debug */,
				47F873731E930B4200B61F63 /* Release */,
			);
			defaultConfigurationIsVisible = 0;
			defaultConfigurationName = Release;
		};
		47F873741E930B4200B61F63 /* Build configuration list for PBXNativeTarget "MyContacts" */ = {
			isa = XCConfigurationList;
			buildConfigurations = (
				47F873751E930B4200B61F63 /* Debug */,
				47F873761E930B4200B61F63 /* Release */,
			);
			defaultConfigurationIsVisible = 0;
			defaultConfigurationName = Release;
		};
/* End XCConfigurationList section */

/* Begin XCVersionGroup section */
		47F873691E930B4200B61F63 /* MyContacts.xcdatamodeld */ = {
			isa = XCVersionGroup;
			children = (
				47F8736A1E930B4200B61F63 /* MyContacts.xcdatamodel */,
			);
			currentVersion = 47F8736A1E930B4200B61F63 /* MyContacts.xcdatamodel */;
			path = MyContacts.xcdatamodeld;
			sourceTree = "<group>";
			versionGroupType = wrapper.xcdatamodel;
		};
/* End XCVersionGroup section */
	};
	rootObject = 47F873571E930B4200B61F63 /* Project object */;
}
